
Microsoft Visual Studio Solution File, Format Version 12.00
# Visual Studio Version 17
VisualStudioVersion = 17.7.34221.43
MinimumVisualStudioVersion = 10.0.40219.1
Project("{FAE04EC0-301F-11D3-BF4B-00C04F79EFBC}") = "Raythos Aerospace", "Raythos Aerospace\Raythos Aerospace.csproj", "{CB8E7A2C-DB33-41CA-A66F-8469192C1253}"
EndProject
Global
	GlobalSection(SolutionConfigurationPlatforms) = preSolution
		Debug|Any CPU = Debug|Any CPU
		Release|Any CPU = Release|Any CPU
	EndGlobalSection
	GlobalSection(ProjectConfigurationPlatforms) = postSolution
		{CB8E7A2C-DB33-41CA-A66F-8469192C1253}.Debug|Any CPU.ActiveCfg = Debug|Any CPU
		{CB8E7A2C-DB33-41CA-A66F-8469192C1253}.Debug|Any CPU.Build.0 = Debug|Any CPU
		{CB8E7A2C-DB33-41CA-A66F-8469192C1253}.Release|Any CPU.ActiveCfg = Release|Any CPU
		{CB8E7A2C-DB33-41CA-A66F-8469192C1253}.Release|Any CPU.Build.0 = Release|Any CPU
	EndGlobalSection
	GlobalSection(SolutionProperties) = preSolution
		HideSolutionNode = FALSE
	EndGlobalSection
	GlobalSection(ExtensibilityGlobals) = postSolution
		SolutionGuid = {1639EE8D-9BBE-438D-BFFB-9FF0C3898C5D}
	EndGlobalSection
EndGlobal
